
Microsoft Visual Studio Solution File, Format Version 12.00
# Visual Studio Version 17
VisualStudioVersion = 17.8.34330.188
MinimumVisualStudioVersion = 10.0.40219.1
Project("{FAE04EC0-301F-11D3-BF4B-00C04F79EFBC}") = "Arac_Kullanimi", "Arac_Kullanimi\Arac_Kullanimi.csproj", "{EE1664C8-CCB1-4E2E-B77D-B218D3AF8354}"
EndProject
Project("{FAE04EC0-301F-11D3-BF4B-00C04F79EFBC}") = "Arac_Kullanimlari", "Arac_Kullanimlari\Arac_Kullanimlari.csproj", "{127D79C9-FF2A-43D3-95F7-1FCAC281C6DB}"
EndProject
Project("{FAE04EC0-301F-11D3-BF4B-00C04F79EFBC}") = "Arac_Kullanimlari2", "Arac_Kullanimlari2\Arac_Kullanimlari2.csproj", "{59EBC79C-0F71-4679-A6A7-D8192430108D}"
EndProject
Project("{FAE04EC0-301F-11D3-BF4B-00C04F79EFBC}") = "Arac_Kullanimlari3", "Arac_Kullanimlari3\Arac_Kullanimlari3.csproj", "{A0C38A42-F169-4F90-AAC9-778E77747454}"
EndProject
Project("{FAE04EC0-301F-11D3-BF4B-00C04F79EFBC}") = "LoginPanelProject", "LoginPanelProject\LoginPanelProject.csproj", "{10F46623-23DA-4E2A-B99D-ADD4DCBB2CDB}"
EndProject
Global
	GlobalSection(SolutionConfigurationPlatforms) = preSolution
		Debug|Any CPU = Debug|Any CPU
		Release|Any CPU = Release|Any CPU
	EndGlobalSection
	GlobalSection(ProjectConfigurationPlatforms) = postSolution
		{EE1664C8-CCB1-4E2E-B77D-B218D3AF8354}.Debug|Any CPU.ActiveCfg = Debug|Any CPU
		{EE1664C8-CCB1-4E2E-B77D-B218D3AF8354}.Debug|Any CPU.Build.0 = Debug|Any CPU
		{EE1664C8-CCB1-4E2E-B77D-B218D3AF8354}.Release|Any CPU.ActiveCfg = Release|Any CPU
		{EE1664C8-CCB1-4E2E-B77D-B218D3AF8354}.Release|Any CPU.Build.0 = Release|Any CPU
		{127D79C9-FF2A-43D3-95F7-1FCAC281C6DB}.Debug|Any CPU.ActiveCfg = Debug|Any CPU
		{127D79C9-FF2A-43D3-95F7-1FCAC281C6DB}.Debug|Any CPU.Build.0 = Debug|Any CPU
		{127D79C9-FF2A-43D3-95F7-1FCAC281C6DB}.Release|Any CPU.ActiveCfg = Release|Any CPU
		{127D79C9-FF2A-43D3-95F7-1FCAC281C6DB}.Release|Any CPU.Build.0 = Release|Any CPU
		{59EBC79C-0F71-4679-A6A7-D8192430108D}.Debug|Any CPU.ActiveCfg = Debug|Any CPU
		{59EBC79C-0F71-4679-A6A7-D8192430108D}.Debug|Any CPU.Build.0 = Debug|Any CPU
		{59EBC79C-0F71-4679-A6A7-D8192430108D}.Release|Any CPU.ActiveCfg = Release|Any CPU
		{59EBC79C-0F71-4679-A6A7-D8192430108D}.Release|Any CPU.Build.0 = Release|Any CPU
		{A0C38A42-F169-4F90-AAC9-778E77747454}.Debug|Any CPU.ActiveCfg = Debug|Any CPU
		{A0C38A42-F169-4F90-AAC9-778E77747454}.Debug|Any CPU.Build.0 = Debug|Any CPU
		{A0C38A42-F169-4F90-AAC9-778E77747454}.Release|Any CPU.ActiveCfg = Release|Any CPU
		{A0C38A42-F169-4F90-AAC9-778E77747454}.Release|Any CPU.Build.0 = Release|Any CPU
		{10F46623-23DA-4E2A-B99D-ADD4DCBB2CDB}.Debug|Any CPU.ActiveCfg = Debug|Any CPU
		{10F46623-23DA-4E2A-B99D-ADD4DCBB2CDB}.Debug|Any CPU.Build.0 = Debug|Any CPU
		{10F46623-23DA-4E2A-B99D-ADD4DCBB2CDB}.Release|Any CPU.ActiveCfg = Release|Any CPU
		{10F46623-23DA-4E2A-B99D-ADD4DCBB2CDB}.Release|Any CPU.Build.0 = Release|Any CPU
	EndGlobalSection
	GlobalSection(SolutionProperties) = preSolution
		HideSolutionNode = FALSE
	EndGlobalSection
	GlobalSection(ExtensibilityGlobals) = postSolution
		SolutionGuid = {72487B7F-0FEC-4864-B3E4-92EB7D729D02}
	EndGlobalSection
EndGlobal
